
Microsoft Visual Studio Solution File, Format Version 12.00
# Visual Studio 14
VisualStudioVersion = 14.0.25420.1
MinimumVisualStudioVersion = 10.0.40219.1
Project("{8BC9CEB8-8B4A-11D0-8D11-00A0C91BC942}") = "Engine06_WVP", "Engine06_WVP\Engine06_WVP.vcxproj", "{B4FBE982-7A66-45F3-9897-892B433DD028}"
EndProject
Project("{8BC9CEB8-8B4A-11D0-8D11-00A0C91BC942}") = "Engine07_Transform_Texture", "Engine07_Transform_Texture\Engine07_Transform_Texture.vcxproj", "{4B652739-82B9-405E-9588-259C81AE1278}"
EndProject
Project("{8BC9CEB8-8B4A-11D0-8D11-00A0C91BC942}") = "Engine09_RanderState", "Engine09_RanderState\Engine09_RanderState.vcxproj", "{E92DC8A3-B04C-434B-971C-04A6C5AEC5BC}"
EndProject
Global
	GlobalSection(SolutionConfigurationPlatforms) = preSolution
		Debug|x64 = Debug|x64
		Debug|x86 = Debug|x86
		Release|x64 = Release|x64
		Release|x86 = Release|x86
	EndGlobalSection
	GlobalSection(ProjectConfigurationPlatforms) = postSolution
		{B4FBE982-7A66-45F3-9897-892B433DD028}.Debug|x64.ActiveCfg = Debug|x64
		{B4FBE982-7A66-45F3-9897-892B433DD028}.Debug|x64.Build.0 = Debug|x64
		{B4FBE982-7A66-45F3-9897-892B433DD028}.Debug|x86.ActiveCfg = Debug|Win32
		{B4FBE982-7A66-45F3-9897-892B433DD028}.Debug|x86.Build.0 = Debug|Win32
		{B4FBE982-7A66-45F3-9897-892B433DD028}.Release|x64.ActiveCfg = Release|x64
		{B4FBE982-7A66-45F3-9897-892B433DD028}.Release|x64.Build.0 = Release|x64
		{B4FBE982-7A66-45F3-9897-892B433DD028}.Release|x86.ActiveCfg = Release|Win32
		{B4FBE982-7A66-45F3-9897-892B433DD028}.Release|x86.Build.0 = Release|Win32
		{4B652739-82B9-405E-9588-259C81AE1278}.Debug|x64.ActiveCfg = Debug|x64
		{4B652739-82B9-405E-9588-259C81AE1278}.Debug|x64.Build.0 = Debug|x64
		{4B652739-82B9-405E-9588-259C81AE1278}.Debug|x86.ActiveCfg = Debug|Win32
		{4B652739-82B9-405E-9588-259C81AE1278}.Debug|x86.Build.0 = Debug|Win32
		{4B652739-82B9-405E-9588-259C81AE1278}.Release|x64.ActiveCfg = Release|x64
		{4B652739-82B9-405E-9588-259C81AE1278}.Release|x64.Build.0 = Release|x64
		{4B652739-82B9-405E-9588-259C81AE1278}.Release|x86.ActiveCfg = Release|Win32
		{4B652739-82B9-405E-9588-259C81AE1278}.Release|x86.Build.0 = Release|Win32
		{E92DC8A3-B04C-434B-971C-04A6C5AEC5BC}.Debug|x64.ActiveCfg = Debug|x64
		{E92DC8A3-B04C-434B-971C-04A6C5AEC5BC}.Debug|x64.Build.0 = Debug|x64
		{E92DC8A3-B04C-434B-971C-04A6C5AEC5BC}.Debug|x86.ActiveCfg = Debug|Win32
		{E92DC8A3-B04C-434B-971C-04A6C5AEC5BC}.Debug|x86.Build.0 = Debug|Win32
		{E92DC8A3-B04C-434B-971C-04A6C5AEC5BC}.Release|x64.ActiveCfg = Release|x64
		{E92DC8A3-B04C-434B-971C-04A6C5AEC5BC}.Release|x64.Build.0 = Release|x64
		{E92DC8A3-B04C-434B-971C-04A6C5AEC5BC}.Release|x86.ActiveCfg = Release|Win32
		{E92DC8A3-B04C-434B-971C-04A6C5AEC5BC}.Release|x86.Build.0 = Release|Win32
	EndGlobalSection
	GlobalSection(SolutionProperties) = preSolution
		HideSolutionNode = FALSE
	EndGlobalSection
EndGlobal
