
Microsoft Visual Studio Solution File, Format Version 12.00
# Visual Studio 14
VisualStudioVersion = 14.0.25420.1
MinimumVisualStudioVersion = 10.0.40219.1
Project("{8BC9CEB8-8B4A-11D0-8D11-00A0C91BC942}") = "Engine06_WVP", "Engine06_WVP\Engine06_WVP.vcxproj", "{C903A6D2-24EC-43EF-80C0-01FF42EEF97D}"
EndProject
Project("{8BC9CEB8-8B4A-11D0-8D11-00A0C91BC942}") = "Engine07_Transform", "Engine07_Transform\Engine07_Transform.vcxproj", "{04DF2BBD-D359-419B-88AF-EAE8BED7C3D4}"
EndProject
Project("{8BC9CEB8-8B4A-11D0-8D11-00A0C91BC942}") = "Engine08_Texture", "Engine08_Texture\Engine08_Texture.vcxproj", "{1D79DE8D-5DDE-4DAE-AEC9-906BB1246E33}"
EndProject
Project("{8BC9CEB8-8B4A-11D0-8D11-00A0C91BC942}") = "Engine09_RenderState", "Engine09_RenderState\Engine09_RenderState.vcxproj", "{170646A7-A486-45D9-B068-3E6BDC4E0F32}"
EndProject
Project("{8BC9CEB8-8B4A-11D0-8D11-00A0C91BC942}") = "Engine10_BlendState", "Engine10_BlendState\Engine10_BlendState.vcxproj", "{53A0B653-9167-47D7-BFA1-43F6F6A4BBAF}"
EndProject
Project("{8BC9CEB8-8B4A-11D0-8D11-00A0C91BC942}") = "Engine11_Diffuse", "Engine11_Diffuse\Engine11_Diffuse.vcxproj", "{F8C2D83C-C832-4C7C-855D-9C908319EDCD}"
EndProject
Project("{8BC9CEB8-8B4A-11D0-8D11-00A0C91BC942}") = "Engine12_Specular", "Engine12_Specular\Engine12_Specular.vcxproj", "{D0022896-C088-43D3-A523-D2EE941C2C8D}"
EndProject
Project("{8BC9CEB8-8B4A-11D0-8D11-00A0C91BC942}") = "Engine13_GameTimer", "Engine13_GameTimer\Engine13_GameTimer.vcxproj", "{A1F945F1-EE8A-49CE-BFE7-FE1B3B4A51C8}"
EndProject
Project("{8BC9CEB8-8B4A-11D0-8D11-00A0C91BC942}") = "Engine14_FBXLoader", "Engine14_FBXLoader\Engine14_FBXLoader.vcxproj", "{4D97C109-14F4-4B7C-B71D-3A3F0BC57B7F}"
EndProject
Project("{8BC9CEB8-8B4A-11D0-8D11-00A0C91BC942}") = "Engine15_Depth_Stencil", "Engine15_Depth_Stencil\Engine15_Depth_Stencil.vcxproj", "{B7864E0A-B029-4299-8E95-7D46BECBCAB6}"
EndProject
Project("{8BC9CEB8-8B4A-11D0-8D11-00A0C91BC942}") = "Engine16_Direct Input", "Engine16_Direct Input\Engine16_Direct Input.vcxproj", "{DFCA4DF3-F8A6-45EA-BFB7-88E069D3EFEE}"
EndProject
Project("{8BC9CEB8-8B4A-11D0-8D11-00A0C91BC942}") = "Engine17_First_Person_Camera", "Engine17_First_Person_Camera\Engine17_First_Person_Camera.vcxproj", "{A2D4991D-2836-47E8-B6C9-ED5693A8E0F6}"
EndProject
Project("{8BC9CEB8-8B4A-11D0-8D11-00A0C91BC942}") = "Engine18_FBXLoader2", "Engine18_FBXLoader2\Engine18_FBXLoader2.vcxproj", "{EF5992B0-397E-4508-861F-7E224FF691D2}"
EndProject
Project("{8BC9CEB8-8B4A-11D0-8D11-00A0C91BC942}") = "Engine19_Normalmap", "Engine19_Normalmap\Engine19_Normalmap.vcxproj", "{873F646B-074F-425B-9AB6-61E3A4BD6A18}"
EndProject
Project("{8BC9CEB8-8B4A-11D0-8D11-00A0C91BC942}") = "Engine20_Cubemap", "Engine20_Cubemap\Engine20_Cubemap.vcxproj", "{50FF1AC0-594E-4AAE-8660-4FF0207FE5D5}"
EndProject
Project("{8BC9CEB8-8B4A-11D0-8D11-00A0C91BC942}") = "Engine21_MultipleObjects", "Engine21_MultipleObjects\Engine21_MultipleObjects.vcxproj", "{3231DFD9-54B8-4E5F-92AB-CBDAE1EBB1AA}"
EndProject
Project("{8BC9CEB8-8B4A-11D0-8D11-00A0C91BC942}") = "Engine22_EngineUpdate", "Engine22_EngineUpdate\Engine22_EngineUpdate.vcxproj", "{DD7BF5C4-7B23-4C6A-B88F-76075ACE3204}"
EndProject
Project("{8BC9CEB8-8B4A-11D0-8D11-00A0C91BC942}") = "Engine23_ToonShading", "Engine23_ToonShading\Engine23_ToonShading.vcxproj", "{BAA5A15E-5F90-4691-B734-E16A7BB63F61}"
EndProject
Global
	GlobalSection(SolutionConfigurationPlatforms) = preSolution
		Debug|x64 = Debug|x64
		Debug|x86 = Debug|x86
		Release|x64 = Release|x64
		Release|x86 = Release|x86
	EndGlobalSection
	GlobalSection(ProjectConfigurationPlatforms) = postSolution
		{C903A6D2-24EC-43EF-80C0-01FF42EEF97D}.Debug|x64.ActiveCfg = Debug|x64
		{C903A6D2-24EC-43EF-80C0-01FF42EEF97D}.Debug|x64.Build.0 = Debug|x64
		{C903A6D2-24EC-43EF-80C0-01FF42EEF97D}.Debug|x86.ActiveCfg = Debug|Win32
		{C903A6D2-24EC-43EF-80C0-01FF42EEF97D}.Debug|x86.Build.0 = Debug|Win32
		{C903A6D2-24EC-43EF-80C0-01FF42EEF97D}.Release|x64.ActiveCfg = Release|x64
		{C903A6D2-24EC-43EF-80C0-01FF42EEF97D}.Release|x64.Build.0 = Release|x64
		{C903A6D2-24EC-43EF-80C0-01FF42EEF97D}.Release|x86.ActiveCfg = Release|Win32
		{C903A6D2-24EC-43EF-80C0-01FF42EEF97D}.Release|x86.Build.0 = Release|Win32
		{04DF2BBD-D359-419B-88AF-EAE8BED7C3D4}.Debug|x64.ActiveCfg = Debug|x64
		{04DF2BBD-D359-419B-88AF-EAE8BED7C3D4}.Debug|x64.Build.0 = Debug|x64
		{04DF2BBD-D359-419B-88AF-EAE8BED7C3D4}.Debug|x86.ActiveCfg = Debug|Win32
		{04DF2BBD-D359-419B-88AF-EAE8BED7C3D4}.Debug|x86.Build.0 = Debug|Win32
		{04DF2BBD-D359-419B-88AF-EAE8BED7C3D4}.Release|x64.ActiveCfg = Release|x64
		{04DF2BBD-D359-419B-88AF-EAE8BED7C3D4}.Release|x64.Build.0 = Release|x64
		{04DF2BBD-D359-419B-88AF-EAE8BED7C3D4}.Release|x86.ActiveCfg = Release|Win32
		{04DF2BBD-D359-419B-88AF-EAE8BED7C3D4}.Release|x86.Build.0 = Release|Win32
		{1D79DE8D-5DDE-4DAE-AEC9-906BB1246E33}.Debug|x64.ActiveCfg = Debug|x64
		{1D79DE8D-5DDE-4DAE-AEC9-906BB1246E33}.Debug|x64.Build.0 = Debug|x64
		{1D79DE8D-5DDE-4DAE-AEC9-906BB1246E33}.Debug|x86.ActiveCfg = Debug|Win32
		{1D79DE8D-5DDE-4DAE-AEC9-906BB1246E33}.Debug|x86.Build.0 = Debug|Win32
		{1D79DE8D-5DDE-4DAE-AEC9-906BB1246E33}.Release|x64.ActiveCfg = Release|x64
		{1D79DE8D-5DDE-4DAE-AEC9-906BB1246E33}.Release|x64.Build.0 = Release|x64
		{1D79DE8D-5DDE-4DAE-AEC9-906BB1246E33}.Release|x86.ActiveCfg = Release|Win32
		{1D79DE8D-5DDE-4DAE-AEC9-906BB1246E33}.Release|x86.Build.0 = Release|Win32
		{170646A7-A486-45D9-B068-3E6BDC4E0F32}.Debug|x64.ActiveCfg = Debug|x64
		{170646A7-A486-45D9-B068-3E6BDC4E0F32}.Debug|x64.Build.0 = Debug|x64
		{170646A7-A486-45D9-B068-3E6BDC4E0F32}.Debug|x86.ActiveCfg = Debug|Win32
		{170646A7-A486-45D9-B068-3E6BDC4E0F32}.Debug|x86.Build.0 = Debug|Win32
		{170646A7-A486-45D9-B068-3E6BDC4E0F32}.Release|x64.ActiveCfg = Release|x64
		{170646A7-A486-45D9-B068-3E6BDC4E0F32}.Release|x64.Build.0 = Release|x64
		{170646A7-A486-45D9-B068-3E6BDC4E0F32}.Release|x86.ActiveCfg = Release|Win32
		{170646A7-A486-45D9-B068-3E6BDC4E0F32}.Release|x86.Build.0 = Release|Win32
		{53A0B653-9167-47D7-BFA1-43F6F6A4BBAF}.Debug|x64.ActiveCfg = Debug|x64
		{53A0B653-9167-47D7-BFA1-43F6F6A4BBAF}.Debug|x64.Build.0 = Debug|x64
		{53A0B653-9167-47D7-BFA1-43F6F6A4BBAF}.Debug|x86.ActiveCfg = Debug|Win32
		{53A0B653-9167-47D7-BFA1-43F6F6A4BBAF}.Debug|x86.Build.0 = Debug|Win32
		{53A0B653-9167-47D7-BFA1-43F6F6A4BBAF}.Release|x64.ActiveCfg = Release|x64
		{53A0B653-9167-47D7-BFA1-43F6F6A4BBAF}.Release|x64.Build.0 = Release|x64
		{53A0B653-9167-47D7-BFA1-43F6F6A4BBAF}.Release|x86.ActiveCfg = Release|Win32
		{53A0B653-9167-47D7-BFA1-43F6F6A4BBAF}.Release|x86.Build.0 = Release|Win32
		{F8C2D83C-C832-4C7C-855D-9C908319EDCD}.Debug|x64.ActiveCfg = Debug|x64
		{F8C2D83C-C832-4C7C-855D-9C908319EDCD}.Debug|x64.Build.0 = Debug|x64
		{F8C2D83C-C832-4C7C-855D-9C908319EDCD}.Debug|x86.ActiveCfg = Debug|Win32
		{F8C2D83C-C832-4C7C-855D-9C908319EDCD}.Debug|x86.Build.0 = Debug|Win32
		{F8C2D83C-C832-4C7C-855D-9C908319EDCD}.Release|x64.ActiveCfg = Release|x64
		{F8C2D83C-C832-4C7C-855D-9C908319EDCD}.Release|x64.Build.0 = Release|x64
		{F8C2D83C-C832-4C7C-855D-9C908319EDCD}.Release|x86.ActiveCfg = Release|Win32
		{F8C2D83C-C832-4C7C-855D-9C908319EDCD}.Release|x86.Build.0 = Release|Win32
		{D0022896-C088-43D3-A523-D2EE941C2C8D}.Debug|x64.ActiveCfg = Debug|x64
		{D0022896-C088-43D3-A523-D2EE941C2C8D}.Debug|x64.Build.0 = Debug|x64
		{D0022896-C088-43D3-A523-D2EE941C2C8D}.Debug|x86.ActiveCfg = Debug|Win32
		{D0022896-C088-43D3-A523-D2EE941C2C8D}.Debug|x86.Build.0 = Debug|Win32
		{D0022896-C088-43D3-A523-D2EE941C2C8D}.Release|x64.ActiveCfg = Release|x64
		{D0022896-C088-43D3-A523-D2EE941C2C8D}.Release|x64.Build.0 = Release|x64
		{D0022896-C088-43D3-A523-D2EE941C2C8D}.Release|x86.ActiveCfg = Release|Win32
		{D0022896-C088-43D3-A523-D2EE941C2C8D}.Release|x86.Build.0 = Release|Win32
		{A1F945F1-EE8A-49CE-BFE7-FE1B3B4A51C8}.Debug|x64.ActiveCfg = Debug|x64
		{A1F945F1-EE8A-49CE-BFE7-FE1B3B4A51C8}.Debug|x64.Build.0 = Debug|x64
		{A1F945F1-EE8A-49CE-BFE7-FE1B3B4A51C8}.Debug|x86.ActiveCfg = Debug|Win32
		{A1F945F1-EE8A-49CE-BFE7-FE1B3B4A51C8}.Debug|x86.Build.0 = Debug|Win32
		{A1F945F1-EE8A-49CE-BFE7-FE1B3B4A51C8}.Release|x64.ActiveCfg = Release|x64
		{A1F945F1-EE8A-49CE-BFE7-FE1B3B4A51C8}.Release|x64.Build.0 = Release|x64
		{A1F945F1-EE8A-49CE-BFE7-FE1B3B4A51C8}.Release|x86.ActiveCfg = Release|Win32
		{A1F945F1-EE8A-49CE-BFE7-FE1B3B4A51C8}.Release|x86.Build.0 = Release|Win32
		{4D97C109-14F4-4B7C-B71D-3A3F0BC57B7F}.Debug|x64.ActiveCfg = Debug|x64
		{4D97C109-14F4-4B7C-B71D-3A3F0BC57B7F}.Debug|x64.Build.0 = Debug|x64
		{4D97C109-14F4-4B7C-B71D-3A3F0BC57B7F}.Debug|x86.ActiveCfg = Debug|Win32
		{4D97C109-14F4-4B7C-B71D-3A3F0BC57B7F}.Debug|x86.Build.0 = Debug|Win32
		{4D97C109-14F4-4B7C-B71D-3A3F0BC57B7F}.Release|x64.ActiveCfg = Release|x64
		{4D97C109-14F4-4B7C-B71D-3A3F0BC57B7F}.Release|x64.Build.0 = Release|x64
		{4D97C109-14F4-4B7C-B71D-3A3F0BC57B7F}.Release|x86.ActiveCfg = Release|Win32
		{4D97C109-14F4-4B7C-B71D-3A3F0BC57B7F}.Release|x86.Build.0 = Release|Win32
		{B7864E0A-B029-4299-8E95-7D46BECBCAB6}.Debug|x64.ActiveCfg = Debug|x64
		{B7864E0A-B029-4299-8E95-7D46BECBCAB6}.Debug|x64.Build.0 = Debug|x64
		{B7864E0A-B029-4299-8E95-7D46BECBCAB6}.Debug|x86.ActiveCfg = Debug|Win32
		{B7864E0A-B029-4299-8E95-7D46BECBCAB6}.Debug|x86.Build.0 = Debug|Win32
		{B7864E0A-B029-4299-8E95-7D46BECBCAB6}.Release|x64.ActiveCfg = Release|x64
		{B7864E0A-B029-4299-8E95-7D46BECBCAB6}.Release|x64.Build.0 = Release|x64
		{B7864E0A-B029-4299-8E95-7D46BECBCAB6}.Release|x86.ActiveCfg = Release|Win32
		{B7864E0A-B029-4299-8E95-7D46BECBCAB6}.Release|x86.Build.0 = Release|Win32
		{DFCA4DF3-F8A6-45EA-BFB7-88E069D3EFEE}.Debug|x64.ActiveCfg = Debug|x64
		{DFCA4DF3-F8A6-45EA-BFB7-88E069D3EFEE}.Debug|x64.Build.0 = Debug|x64
		{DFCA4DF3-F8A6-45EA-BFB7-88E069D3EFEE}.Debug|x86.ActiveCfg = Debug|Win32
		{DFCA4DF3-F8A6-45EA-BFB7-88E069D3EFEE}.Debug|x86.Build.0 = Debug|Win32
		{DFCA4DF3-F8A6-45EA-BFB7-88E069D3EFEE}.Release|x64.ActiveCfg = Release|x64
		{DFCA4DF3-F8A6-45EA-BFB7-88E069D3EFEE}.Release|x64.Build.0 = Release|x64
		{DFCA4DF3-F8A6-45EA-BFB7-88E069D3EFEE}.Release|x86.ActiveCfg = Release|Win32
		{DFCA4DF3-F8A6-45EA-BFB7-88E069D3EFEE}.Release|x86.Build.0 = Release|Win32
		{A2D4991D-2836-47E8-B6C9-ED5693A8E0F6}.Debug|x64.ActiveCfg = Debug|x64
		{A2D4991D-2836-47E8-B6C9-ED5693A8E0F6}.Debug|x64.Build.0 = Debug|x64
		{A2D4991D-2836-47E8-B6C9-ED5693A8E0F6}.Debug|x86.ActiveCfg = Debug|Win32
		{A2D4991D-2836-47E8-B6C9-ED5693A8E0F6}.Debug|x86.Build.0 = Debug|Win32
		{A2D4991D-2836-47E8-B6C9-ED5693A8E0F6}.Release|x64.ActiveCfg = Release|x64
		{A2D4991D-2836-47E8-B6C9-ED5693A8E0F6}.Release|x64.Build.0 = Release|x64
		{A2D4991D-2836-47E8-B6C9-ED5693A8E0F6}.Release|x86.ActiveCfg = Release|Win32
		{A2D4991D-2836-47E8-B6C9-ED5693A8E0F6}.Release|x86.Build.0 = Release|Win32
		{EF5992B0-397E-4508-861F-7E224FF691D2}.Debug|x64.ActiveCfg = Debug|x64
		{EF5992B0-397E-4508-861F-7E224FF691D2}.Debug|x64.Build.0 = Debug|x64
		{EF5992B0-397E-4508-861F-7E224FF691D2}.Debug|x86.ActiveCfg = Debug|Win32
		{EF5992B0-397E-4508-861F-7E224FF691D2}.Debug|x86.Build.0 = Debug|Win32
		{EF5992B0-397E-4508-861F-7E224FF691D2}.Release|x64.ActiveCfg = Release|x64
		{EF5992B0-397E-4508-861F-7E224FF691D2}.Release|x64.Build.0 = Release|x64
		{EF5992B0-397E-4508-861F-7E224FF691D2}.Release|x86.ActiveCfg = Release|Win32
		{EF5992B0-397E-4508-861F-7E224FF691D2}.Release|x86.Build.0 = Release|Win32
		{873F646B-074F-425B-9AB6-61E3A4BD6A18}.Debug|x64.ActiveCfg = Debug|x64
		{873F646B-074F-425B-9AB6-61E3A4BD6A18}.Debug|x64.Build.0 = Debug|x64
		{873F646B-074F-425B-9AB6-61E3A4BD6A18}.Debug|x86.ActiveCfg = Debug|Win32
		{873F646B-074F-425B-9AB6-61E3A4BD6A18}.Debug|x86.Build.0 = Debug|Win32
		{873F646B-074F-425B-9AB6-61E3A4BD6A18}.Release|x64.ActiveCfg = Release|x64
		{873F646B-074F-425B-9AB6-61E3A4BD6A18}.Release|x64.Build.0 = Release|x64
		{873F646B-074F-425B-9AB6-61E3A4BD6A18}.Release|x86.ActiveCfg = Release|Win32
		{873F646B-074F-425B-9AB6-61E3A4BD6A18}.Release|x86.Build.0 = Release|Win32
		{50FF1AC0-594E-4AAE-8660-4FF0207FE5D5}.Debug|x64.ActiveCfg = Debug|x64
		{50FF1AC0-594E-4AAE-8660-4FF0207FE5D5}.Debug|x64.Build.0 = Debug|x64
		{50FF1AC0-594E-4AAE-8660-4FF0207FE5D5}.Debug|x86.ActiveCfg = Debug|Win32
		{50FF1AC0-594E-4AAE-8660-4FF0207FE5D5}.Debug|x86.Build.0 = Debug|Win32
		{50FF1AC0-594E-4AAE-8660-4FF0207FE5D5}.Release|x64.ActiveCfg = Release|x64
		{50FF1AC0-594E-4AAE-8660-4FF0207FE5D5}.Release|x64.Build.0 = Release|x64
		{50FF1AC0-594E-4AAE-8660-4FF0207FE5D5}.Release|x86.ActiveCfg = Release|Win32
		{50FF1AC0-594E-4AAE-8660-4FF0207FE5D5}.Release|x86.Build.0 = Release|Win32
		{3231DFD9-54B8-4E5F-92AB-CBDAE1EBB1AA}.Debug|x64.ActiveCfg = Debug|x64
		{3231DFD9-54B8-4E5F-92AB-CBDAE1EBB1AA}.Debug|x64.Build.0 = Debug|x64
		{3231DFD9-54B8-4E5F-92AB-CBDAE1EBB1AA}.Debug|x86.ActiveCfg = Debug|Win32
		{3231DFD9-54B8-4E5F-92AB-CBDAE1EBB1AA}.Debug|x86.Build.0 = Debug|Win32
		{3231DFD9-54B8-4E5F-92AB-CBDAE1EBB1AA}.Release|x64.ActiveCfg = Release|x64
		{3231DFD9-54B8-4E5F-92AB-CBDAE1EBB1AA}.Release|x64.Build.0 = Release|x64
		{3231DFD9-54B8-4E5F-92AB-CBDAE1EBB1AA}.Release|x86.ActiveCfg = Release|Win32
		{3231DFD9-54B8-4E5F-92AB-CBDAE1EBB1AA}.Release|x86.Build.0 = Release|Win32
		{DD7BF5C4-7B23-4C6A-B88F-76075ACE3204}.Debug|x64.ActiveCfg = Debug|x64
		{DD7BF5C4-7B23-4C6A-B88F-76075ACE3204}.Debug|x64.Build.0 = Debug|x64
		{DD7BF5C4-7B23-4C6A-B88F-76075ACE3204}.Debug|x86.ActiveCfg = Debug|Win32
		{DD7BF5C4-7B23-4C6A-B88F-76075ACE3204}.Debug|x86.Build.0 = Debug|Win32
		{DD7BF5C4-7B23-4C6A-B88F-76075ACE3204}.Release|x64.ActiveCfg = Release|x64
		{DD7BF5C4-7B23-4C6A-B88F-76075ACE3204}.Release|x64.Build.0 = Release|x64
		{DD7BF5C4-7B23-4C6A-B88F-76075ACE3204}.Release|x86.ActiveCfg = Release|Win32
		{DD7BF5C4-7B23-4C6A-B88F-76075ACE3204}.Release|x86.Build.0 = Release|Win32
		{BAA5A15E-5F90-4691-B734-E16A7BB63F61}.Debug|x64.ActiveCfg = Debug|x64
		{BAA5A15E-5F90-4691-B734-E16A7BB63F61}.Debug|x64.Build.0 = Debug|x64
		{BAA5A15E-5F90-4691-B734-E16A7BB63F61}.Debug|x86.ActiveCfg = Debug|Win32
		{BAA5A15E-5F90-4691-B734-E16A7BB63F61}.Debug|x86.Build.0 = Debug|Win32
		{BAA5A15E-5F90-4691-B734-E16A7BB63F61}.Release|x64.ActiveCfg = Release|x64
		{BAA5A15E-5F90-4691-B734-E16A7BB63F61}.Release|x64.Build.0 = Release|x64
		{BAA5A15E-5F90-4691-B734-E16A7BB63F61}.Release|x86.ActiveCfg = Release|Win32
		{BAA5A15E-5F90-4691-B734-E16A7BB63F61}.Release|x86.Build.0 = Release|Win32
	EndGlobalSection
	GlobalSection(SolutionProperties) = preSolution
		HideSolutionNode = FALSE
	EndGlobalSection
EndGlobal
