
Microsoft Visual Studio Solution File, Format Version 12.00
# Visual Studio 14
VisualStudioVersion = 14.0.25420.1
MinimumVisualStudioVersion = 10.0.40219.1
Project("{2150E333-8FDC-42A3-9474-1A3956D46DE8}") = "Engine", "Engine", "{E5838ADC-A567-4C48-BEB8-15D2D8E4427F}"
EndProject
Project("{2150E333-8FDC-42A3-9474-1A3956D46DE8}") = "Games", "Games", "{7EFD1BAA-C60F-4090-B17B-5C34AEF7F006}"
EndProject
Project("{8BC9CEB8-8B4A-11D0-8D11-00A0C91BC942}") = "UE4", "Intermediate\ProjectFiles\UE4.vcxproj", "{42A4A6FC-8E1A-4562-B8BC-AFA34B002B8D}"
EndProject
Project("{8BC9CEB8-8B4A-11D0-8D11-00A0C91BC942}") = "CPPExam", "Intermediate\ProjectFiles\CPPExam.vcxproj", "{7F2590D7-F09C-4D28-8F97-A31655EF4EE9}"
EndProject
Global
	GlobalSection(SolutionConfigurationPlatforms) = preSolution
		DebugGame Editor|HTML5 = DebugGame Editor|HTML5
		DebugGame Editor|Win32 = DebugGame Editor|Win32
		DebugGame Editor|Win64 = DebugGame Editor|Win64
		DebugGame|HTML5 = DebugGame|HTML5
		DebugGame|Win32 = DebugGame|Win32
		DebugGame|Win64 = DebugGame|Win64
		Development Editor|HTML5 = Development Editor|HTML5
		Development Editor|Win32 = Development Editor|Win32
		Development Editor|Win64 = Development Editor|Win64
		Development|HTML5 = Development|HTML5
		Development|Win32 = Development|Win32
		Development|Win64 = Development|Win64
		Shipping|HTML5 = Shipping|HTML5
		Shipping|Win32 = Shipping|Win32
		Shipping|Win64 = Shipping|Win64
	EndGlobalSection
	GlobalSection(ProjectConfigurationPlatforms) = postSolution
		{42A4A6FC-8E1A-4562-B8BC-AFA34B002B8D}.DebugGame Editor|HTML5.ActiveCfg = BuiltWithUnrealBuildTool|Win32
		{42A4A6FC-8E1A-4562-B8BC-AFA34B002B8D}.DebugGame Editor|HTML5.Build.0 = BuiltWithUnrealBuildTool|Win32
		{42A4A6FC-8E1A-4562-B8BC-AFA34B002B8D}.DebugGame Editor|Win32.ActiveCfg = BuiltWithUnrealBuildTool|Win32
		{42A4A6FC-8E1A-4562-B8BC-AFA34B002B8D}.DebugGame Editor|Win32.Build.0 = BuiltWithUnrealBuildTool|Win32
		{42A4A6FC-8E1A-4562-B8BC-AFA34B002B8D}.DebugGame Editor|Win64.ActiveCfg = BuiltWithUnrealBuildTool|Win32
		{42A4A6FC-8E1A-4562-B8BC-AFA34B002B8D}.DebugGame Editor|Win64.Build.0 = BuiltWithUnrealBuildTool|Win32
		{42A4A6FC-8E1A-4562-B8BC-AFA34B002B8D}.DebugGame|HTML5.ActiveCfg = BuiltWithUnrealBuildTool|Win32
		{42A4A6FC-8E1A-4562-B8BC-AFA34B002B8D}.DebugGame|HTML5.Build.0 = BuiltWithUnrealBuildTool|Win32
		{42A4A6FC-8E1A-4562-B8BC-AFA34B002B8D}.DebugGame|Win32.ActiveCfg = BuiltWithUnrealBuildTool|Win32
		{42A4A6FC-8E1A-4562-B8BC-AFA34B002B8D}.DebugGame|Win32.Build.0 = BuiltWithUnrealBuildTool|Win32
		{42A4A6FC-8E1A-4562-B8BC-AFA34B002B8D}.DebugGame|Win64.ActiveCfg = BuiltWithUnrealBuildTool|Win32
		{42A4A6FC-8E1A-4562-B8BC-AFA34B002B8D}.DebugGame|Win64.Build.0 = BuiltWithUnrealBuildTool|Win32
		{42A4A6FC-8E1A-4562-B8BC-AFA34B002B8D}.Development Editor|HTML5.ActiveCfg = BuiltWithUnrealBuildTool|Win32
		{42A4A6FC-8E1A-4562-B8BC-AFA34B002B8D}.Development Editor|HTML5.Build.0 = BuiltWithUnrealBuildTool|Win32
		{42A4A6FC-8E1A-4562-B8BC-AFA34B002B8D}.Development Editor|Win32.ActiveCfg = BuiltWithUnrealBuildTool|Win32
		{42A4A6FC-8E1A-4562-B8BC-AFA34B002B8D}.Development Editor|Win32.Build.0 = BuiltWithUnrealBuildTool|Win32
		{42A4A6FC-8E1A-4562-B8BC-AFA34B002B8D}.Development Editor|Win64.ActiveCfg = BuiltWithUnrealBuildTool|Win32
		{42A4A6FC-8E1A-4562-B8BC-AFA34B002B8D}.Development Editor|Win64.Build.0 = BuiltWithUnrealBuildTool|Win32
		{42A4A6FC-8E1A-4562-B8BC-AFA34B002B8D}.Development|HTML5.ActiveCfg = BuiltWithUnrealBuildTool|Win32
		{42A4A6FC-8E1A-4562-B8BC-AFA34B002B8D}.Development|HTML5.Build.0 = BuiltWithUnrealBuildTool|Win32
		{42A4A6FC-8E1A-4562-B8BC-AFA34B002B8D}.Development|Win32.ActiveCfg = BuiltWithUnrealBuildTool|Win32
		{42A4A6FC-8E1A-4562-B8BC-AFA34B002B8D}.Development|Win32.Build.0 = BuiltWithUnrealBuildTool|Win32
		{42A4A6FC-8E1A-4562-B8BC-AFA34B002B8D}.Development|Win64.ActiveCfg = BuiltWithUnrealBuildTool|Win32
		{42A4A6FC-8E1A-4562-B8BC-AFA34B002B8D}.Development|Win64.Build.0 = BuiltWithUnrealBuildTool|Win32
		{42A4A6FC-8E1A-4562-B8BC-AFA34B002B8D}.Shipping|HTML5.ActiveCfg = BuiltWithUnrealBuildTool|Win32
		{42A4A6FC-8E1A-4562-B8BC-AFA34B002B8D}.Shipping|HTML5.Build.0 = BuiltWithUnrealBuildTool|Win32
		{42A4A6FC-8E1A-4562-B8BC-AFA34B002B8D}.Shipping|Win32.ActiveCfg = BuiltWithUnrealBuildTool|Win32
		{42A4A6FC-8E1A-4562-B8BC-AFA34B002B8D}.Shipping|Win32.Build.0 = BuiltWithUnrealBuildTool|Win32
		{42A4A6FC-8E1A-4562-B8BC-AFA34B002B8D}.Shipping|Win64.ActiveCfg = BuiltWithUnrealBuildTool|Win32
		{42A4A6FC-8E1A-4562-B8BC-AFA34B002B8D}.Shipping|Win64.Build.0 = BuiltWithUnrealBuildTool|Win32
		{7F2590D7-F09C-4D28-8F97-A31655EF4EE9}.DebugGame Editor|HTML5.ActiveCfg = HTML5_DebugGame_Editor|Win32
		{7F2590D7-F09C-4D28-8F97-A31655EF4EE9}.DebugGame Editor|Win32.ActiveCfg = DebugGame_Editor|Win32
		{7F2590D7-F09C-4D28-8F97-A31655EF4EE9}.DebugGame Editor|Win64.ActiveCfg = DebugGame_Editor|x64
		{7F2590D7-F09C-4D28-8F97-A31655EF4EE9}.DebugGame Editor|Win64.Build.0 = DebugGame_Editor|x64
		{7F2590D7-F09C-4D28-8F97-A31655EF4EE9}.DebugGame|HTML5.ActiveCfg = HTML5_DebugGame_Game|Win32
		{7F2590D7-F09C-4D28-8F97-A31655EF4EE9}.DebugGame|HTML5.Build.0 = HTML5_DebugGame_Game|Win32
		{7F2590D7-F09C-4D28-8F97-A31655EF4EE9}.DebugGame|Win32.ActiveCfg = DebugGame_Game|Win32
		{7F2590D7-F09C-4D28-8F97-A31655EF4EE9}.DebugGame|Win32.Build.0 = DebugGame_Game|Win32
		{7F2590D7-F09C-4D28-8F97-A31655EF4EE9}.DebugGame|Win64.ActiveCfg = DebugGame_Game|x64
		{7F2590D7-F09C-4D28-8F97-A31655EF4EE9}.DebugGame|Win64.Build.0 = DebugGame_Game|x64
		{7F2590D7-F09C-4D28-8F97-A31655EF4EE9}.Development Editor|HTML5.ActiveCfg = HTML5_Development_Editor|Win32
		{7F2590D7-F09C-4D28-8F97-A31655EF4EE9}.Development Editor|Win32.ActiveCfg = Development_Editor|Win32
		{7F2590D7-F09C-4D28-8F97-A31655EF4EE9}.Development Editor|Win64.ActiveCfg = Development_Editor|x64
		{7F2590D7-F09C-4D28-8F97-A31655EF4EE9}.Development Editor|Win64.Build.0 = Development_Editor|x64
		{7F2590D7-F09C-4D28-8F97-A31655EF4EE9}.Development|HTML5.ActiveCfg = HTML5_Development_Game|Win32
		{7F2590D7-F09C-4D28-8F97-A31655EF4EE9}.Development|HTML5.Build.0 = HTML5_Development_Game|Win32
		{7F2590D7-F09C-4D28-8F97-A31655EF4EE9}.Development|Win32.ActiveCfg = Development_Game|Win32
		{7F2590D7-F09C-4D28-8F97-A31655EF4EE9}.Development|Win32.Build.0 = Development_Game|Win32
		{7F2590D7-F09C-4D28-8F97-A31655EF4EE9}.Development|Win64.ActiveCfg = Development_Game|x64
		{7F2590D7-F09C-4D28-8F97-A31655EF4EE9}.Development|Win64.Build.0 = Development_Game|x64
		{7F2590D7-F09C-4D28-8F97-A31655EF4EE9}.Shipping|HTML5.ActiveCfg = HTML5_Shipping_Game|Win32
		{7F2590D7-F09C-4D28-8F97-A31655EF4EE9}.Shipping|HTML5.Build.0 = HTML5_Shipping_Game|Win32
		{7F2590D7-F09C-4D28-8F97-A31655EF4EE9}.Shipping|Win32.ActiveCfg = Shipping_Game|Win32
		{7F2590D7-F09C-4D28-8F97-A31655EF4EE9}.Shipping|Win32.Build.0 = Shipping_Game|Win32
		{7F2590D7-F09C-4D28-8F97-A31655EF4EE9}.Shipping|Win64.ActiveCfg = Shipping_Game|x64
		{7F2590D7-F09C-4D28-8F97-A31655EF4EE9}.Shipping|Win64.Build.0 = Shipping_Game|x64
	EndGlobalSection
	GlobalSection(SolutionProperties) = preSolution
		HideSolutionNode = FALSE
	EndGlobalSection
	GlobalSection(NestedProjects) = preSolution
		{42A4A6FC-8E1A-4562-B8BC-AFA34B002B8D} = {E5838ADC-A567-4C48-BEB8-15D2D8E4427F}
		{7F2590D7-F09C-4D28-8F97-A31655EF4EE9} = {7EFD1BAA-C60F-4090-B17B-5C34AEF7F006}
	EndGlobalSection
EndGlobal
